
Microsoft Visual Studio Solution File, Format Version 12.00
# Visual Studio Version 17
VisualStudioVersion = 17.5.33516.290
MinimumVisualStudioVersion = 10.0.40219.1
Project("{FAE04EC0-301F-11D3-BF4B-00C04F79EFBC}") = "AutomationTraining", "AutomationTraining\AutomationTraining.csproj", "{4FF594EF-906D-446E-9A9C-816F56E63B9B}"
EndProject
Global
	GlobalSection(SolutionConfigurationPlatforms) = preSolution
		Debug|Any CPU = Debug|Any CPU
		Release|Any CPU = Release|Any CPU
	EndGlobalSection
	GlobalSection(ProjectConfigurationPlatforms) = postSolution
		{4FF594EF-906D-446E-9A9C-816F56E63B9B}.Debug|Any CPU.ActiveCfg = Debug|Any CPU
		{4FF594EF-906D-446E-9A9C-816F56E63B9B}.Debug|Any CPU.Build.0 = Debug|Any CPU
		{4FF594EF-906D-446E-9A9C-816F56E63B9B}.Release|Any CPU.ActiveCfg = Release|Any CPU
		{4FF594EF-906D-446E-9A9C-816F56E63B9B}.Release|Any CPU.Build.0 = Release|Any CPU
	EndGlobalSection
	GlobalSection(SolutionProperties) = preSolution
		HideSolutionNode = FALSE
	EndGlobalSection
	GlobalSection(ExtensibilityGlobals) = postSolution
		SolutionGuid = {D8CC21A5-8947-49A4-8A0D-D1D0C9D2C9CA}
	EndGlobalSection
EndGlobal
